// !$*UTF8*$!
{
	archiveVersion = 1;
	classes = {
	};
	objectVersion = 51;
	objects = {

/* Begin PBXBuildFile section */
		300C599326C9B9960028667A /* MyDayCollectionViewLayoutFactory.swift in Sources */ = {isa = PBXBuildFile; fileRef = 300C599226C9B9960028667A /* MyDayCollectionViewLayoutFactory.swift */; };
		300C599626C9BE8A0028667A /* ActivityItemCollectionCell.swift in Sources */ = {isa = PBXBuildFile; fileRef = 300C599526C9BE8A0028667A /* ActivityItemCollectionCell.swift */; };
		300C599826C9BEA20028667A /* Activity.swift in Sources */ = {isa = PBXBuildFile; fileRef = 300C599726C9BEA20028667A /* Activity.swift */; };
		300C599A26C9C1F60028667A /* ActivityItemCollectionCell.xib in Resources */ = {isa = PBXBuildFile; fileRef = 300C599926C9C1F60028667A /* ActivityItemCollectionCell.xib */; };
		300C599C26C9CEFD0028667A /* ActivityService.swift in Sources */ = {isa = PBXBuildFile; fileRef = 300C599B26C9CEFD0028667A /* ActivityService.swift */; };
		301FACF526C8E0F800B76761 /* StringValidationExtension.swift in Sources */ = {isa = PBXBuildFile; fileRef = 301FACF426C8E0F800B76761 /* StringValidationExtension.swift */; };
		301FACF826C8E5D400B76761 /* HomeViewController.swift in Sources */ = {isa = PBXBuildFile; fileRef = 301FACF726C8E5D400B76761 /* HomeViewController.swift */; };
		301FAD0126C8E7F200B76761 /* MDUserManager.swift in Sources */ = {isa = PBXBuildFile; fileRef = 301FAD0026C8E7F200B76761 /* MDUserManager.swift */; };
		30257E3C26C8BC2600D273DC /* AppDelegate.swift in Sources */ = {isa = PBXBuildFile; fileRef = 30257E3B26C8BC2600D273DC /* AppDelegate.swift */; };
		30257E3E26C8BC2600D273DC /* SceneDelegate.swift in Sources */ = {isa = PBXBuildFile; fileRef = 30257E3D26C8BC2600D273DC /* SceneDelegate.swift */; };
		30257E4026C8BC2600D273DC /* AuthViewController.swift in Sources */ = {isa = PBXBuildFile; fileRef = 30257E3F26C8BC2600D273DC /* AuthViewController.swift */; };
		30257E4326C8BC2600D273DC /* Main.storyboard in Resources */ = {isa = PBXBuildFile; fileRef = 30257E4126C8BC2600D273DC /* Main.storyboard */; };
		30257E4526C8BC2800D273DC /* Assets.xcassets in Resources */ = {isa = PBXBuildFile; fileRef = 30257E4426C8BC2800D273DC /* Assets.xcassets */; };
		30257E4826C8BC2800D273DC /* LaunchScreen.storyboard in Resources */ = {isa = PBXBuildFile; fileRef = 30257E4626C8BC2800D273DC /* LaunchScreen.storyboard */; };
		30257E5326C8BC2800D273DC /* MyDayTests.swift in Sources */ = {isa = PBXBuildFile; fileRef = 30257E5226C8BC2800D273DC /* MyDayTests.swift */; };
		30257E5E26C8BC2800D273DC /* MyDayUITests.swift in Sources */ = {isa = PBXBuildFile; fileRef = 30257E5D26C8BC2800D273DC /* MyDayUITests.swift */; };
		307BBDB226C9876F00D01D54 /* HomeViewModel.swift in Sources */ = {isa = PBXBuildFile; fileRef = 307BBDB126C9876F00D01D54 /* HomeViewModel.swift */; };
		307BBDB626C987C400D01D54 /* AuthViewModel.swift in Sources */ = {isa = PBXBuildFile; fileRef = 307BBDB526C987C400D01D54 /* AuthViewModel.swift */; };
		307BBDB826C987D700D01D54 /* AuthCoordinator.swift in Sources */ = {isa = PBXBuildFile; fileRef = 307BBDB726C987D700D01D54 /* AuthCoordinator.swift */; };
		307BBDBA26C987EE00D01D54 /* HomeCoordinator.swift in Sources */ = {isa = PBXBuildFile; fileRef = 307BBDB926C987EE00D01D54 /* HomeCoordinator.swift */; };
		307BBDBC26C9964800D01D54 /* StartUpViewModel.swift in Sources */ = {isa = PBXBuildFile; fileRef = 307BBDBB26C9964800D01D54 /* StartUpViewModel.swift */; };
		307BBDBE26C9965500D01D54 /* StartUpCoordinator.swift in Sources */ = {isa = PBXBuildFile; fileRef = 307BBDBD26C9965500D01D54 /* StartUpCoordinator.swift */; };
		308C965326C8F10E00425CDF /* StartUpViewController.swift in Sources */ = {isa = PBXBuildFile; fileRef = 308C965226C8F10E00425CDF /* StartUpViewController.swift */; };
		308C965626C8F80800425CDF /* MyDayViewController.swift in Sources */ = {isa = PBXBuildFile; fileRef = 308C965526C8F80800425CDF /* MyDayViewController.swift */; };
		308C965826C8FA7B00425CDF /* MyDay.swift in Sources */ = {isa = PBXBuildFile; fileRef = 308C965726C8FA7B00425CDF /* MyDay.swift */; };
		308C965A26C8FA9100425CDF /* MyDayViewModel.swift in Sources */ = {isa = PBXBuildFile; fileRef = 308C965926C8FA9100425CDF /* MyDayViewModel.swift */; };
		308C965C26C8FADC00425CDF /* MyDayService.swift in Sources */ = {isa = PBXBuildFile; fileRef = 308C965B26C8FADC00425CDF /* MyDayService.swift */; };
		30BA9A8926C8BF0A00D14757 /* GoogleService-Info.plist in Resources */ = {isa = PBXBuildFile; fileRef = 30BA9A8826C8BF0A00D14757 /* GoogleService-Info.plist */; };
		30C40B5426C9776B00FBE5E6 /* Coordinate.swift in Sources */ = {isa = PBXBuildFile; fileRef = 30C40B5326C9776B00FBE5E6 /* Coordinate.swift */; };
		30C40B5726C977A400FBE5E6 /* AppCoordinator.swift in Sources */ = {isa = PBXBuildFile; fileRef = 30C40B5626C977A400FBE5E6 /* AppCoordinator.swift */; };
		30C40B5926C97C7B00FBE5E6 /* App.swift in Sources */ = {isa = PBXBuildFile; fileRef = 30C40B5826C97C7B00FBE5E6 /* App.swift */; };
		30C40B5B26C97E0600FBE5E6 /* Application.swift in Sources */ = {isa = PBXBuildFile; fileRef = 30C40B5A26C97E0600FBE5E6 /* Application.swift */; };
		30C40B5D26C9802A00FBE5E6 /* SignUpCoordinator.swift in Sources */ = {isa = PBXBuildFile; fileRef = 30C40B5C26C9802A00FBE5E6 /* SignUpCoordinator.swift */; };
		30C40B5F26C9821900FBE5E6 /* LoginCoordinator.swift in Sources */ = {isa = PBXBuildFile; fileRef = 30C40B5E26C9821900FBE5E6 /* LoginCoordinator.swift */; };
		30C40B6126C984FF00FBE5E6 /* MyDayCoordinator.swift in Sources */ = {isa = PBXBuildFile; fileRef = 30C40B6026C984FF00FBE5E6 /* MyDayCoordinator.swift */; };
		30D53E1326D495FE00AF811B /* JSONLoader.swift in Sources */ = {isa = PBXBuildFile; fileRef = 30D53E1226D495FE00AF811B /* JSONLoader.swift */; };
		30D53E1826D4983C00AF811B /* App.Font.swift in Sources */ = {isa = PBXBuildFile; fileRef = 30D53E1726D4983C00AF811B /* App.Font.swift */; };
		30D53E1C26D4987C00AF811B /* App.Error.swift in Sources */ = {isa = PBXBuildFile; fileRef = 30D53E1B26D4987C00AF811B /* App.Error.swift */; };
		30D53E1F26D49F3200AF811B /* JsonSchemaSupport.swift in Sources */ = {isa = PBXBuildFile; fileRef = 30D53E1E26D49F3200AF811B /* JsonSchemaSupport.swift */; };
		30D53E2126D4A1D100AF811B /* UIColor+Extensions.swift in Sources */ = {isa = PBXBuildFile; fileRef = 30D53E2026D4A1D100AF811B /* UIColor+Extensions.swift */; };
		30D53E2326D4A1E200AF811B /* UIImageView+Extensions.swift in Sources */ = {isa = PBXBuildFile; fileRef = 30D53E2226D4A1E200AF811B /* UIImageView+Extensions.swift */; };
		30D53E2526D4A20700AF811B /* UIDevice+Extensions.swift in Sources */ = {isa = PBXBuildFile; fileRef = 30D53E2426D4A20700AF811B /* UIDevice+Extensions.swift */; };
		30D53E2826D4A2AF00AF811B /* App.Segues.swift in Sources */ = {isa = PBXBuildFile; fileRef = 30D53E2726D4A2AF00AF811B /* App.Segues.swift */; };
		30DCD95C26C8C4FD00E70EF1 /* ServiceProvider.swift in Sources */ = {isa = PBXBuildFile; fileRef = 30DCD95B26C8C4FD00E70EF1 /* ServiceProvider.swift */; };
		30DCD96026C8C8C800E70EF1 /* SignUpService.swift in Sources */ = {isa = PBXBuildFile; fileRef = 30DCD95F26C8C8C800E70EF1 /* SignUpService.swift */; };
		30DCD96226C8C8F500E70EF1 /* LoginService.swift in Sources */ = {isa = PBXBuildFile; fileRef = 30DCD96126C8C8F500E70EF1 /* LoginService.swift */; };
		30DCD96726C8CA7A00E70EF1 /* SignUpViewController.swift in Sources */ = {isa = PBXBuildFile; fileRef = 30DCD96626C8CA7A00E70EF1 /* SignUpViewController.swift */; };
		30DCD96926C8CA8300E70EF1 /* LoginViewController.swift in Sources */ = {isa = PBXBuildFile; fileRef = 30DCD96826C8CA8300E70EF1 /* LoginViewController.swift */; };
		30DCD96B26C8CC3000E70EF1 /* StoryBoardInit.swift in Sources */ = {isa = PBXBuildFile; fileRef = 30DCD96A26C8CC3000E70EF1 /* StoryBoardInit.swift */; };
		30DCD96D26C8CC5500E70EF1 /* ViewModel.swift in Sources */ = {isa = PBXBuildFile; fileRef = 30DCD96C26C8CC5500E70EF1 /* ViewModel.swift */; };
		30DCD96F26C8CD2600E70EF1 /* SignUpViewModel.swift in Sources */ = {isa = PBXBuildFile; fileRef = 30DCD96E26C8CD2600E70EF1 /* SignUpViewModel.swift */; };
		30DCD97426C8D49C00E70EF1 /* LoginViewModel.swift in Sources */ = {isa = PBXBuildFile; fileRef = 30DCD97326C8D49C00E70EF1 /* LoginViewModel.swift */; };
		30DCD97626C8D4B000E70EF1 /* AuthCredentials.swift in Sources */ = {isa = PBXBuildFile; fileRef = 30DCD97526C8D4B000E70EF1 /* AuthCredentials.swift */; };
		32CD795907646394246BCDE9 /* Pods_MyDay.framework in Frameworks */ = {isa = PBXBuildFile; fileRef = 42ED5925A9B1BECF208F47E4 /* Pods_MyDay.framework */; };
		389CB6E23AC87CB9BDCAEE7B /* Pods_MyDayTests.framework in Frameworks */ = {isa = PBXBuildFile; fileRef = B15759E44BE64416AF814D80 /* Pods_MyDayTests.framework */; };
		8B41679EC0C1CA683C6404ED /* Pods_MyDay_MyDayUITests.framework in Frameworks */ = {isa = PBXBuildFile; fileRef = 38D8AB75DF6D07F696F4387E /* Pods_MyDay_MyDayUITests.framework */; };
/* End PBXBuildFile section */

/* Begin PBXContainerItemProxy section */
		30257E4F26C8BC2800D273DC /* PBXContainerItemProxy */ = {
			isa = PBXContainerItemProxy;
			containerPortal = 30257E3026C8BC2600D273DC /* Project object */;
			proxyType = 1;
			remoteGlobalIDString = 30257E3726C8BC2600D273DC;
			remoteInfo = MyDay;
		};
		30257E5A26C8BC2800D273DC /* PBXContainerItemProxy */ = {
			isa = PBXContainerItemProxy;
			containerPortal = 30257E3026C8BC2600D273DC /* Project object */;
			proxyType = 1;
			remoteGlobalIDString = 30257E3726C8BC2600D273DC;
			remoteInfo = MyDay;
		};
/* End PBXContainerItemProxy section */

/* Begin PBXFileReference section */
		04B58AB76A2166C68F75D80F /* Pods-MyDay-MyDayUITests.debug.xcconfig */ = {isa = PBXFileReference; includeInIndex = 1; lastKnownFileType = text.xcconfig; name = "Pods-MyDay-MyDayUITests.debug.xcconfig"; path = "Target Support Files/Pods-MyDay-MyDayUITests/Pods-MyDay-MyDayUITests.debug.xcconfig"; sourceTree = "<group>"; };
		300C599226C9B9960028667A /* MyDayCollectionViewLayoutFactory.swift */ = {isa = PBXFileReference; lastKnownFileType = sourcecode.swift; path = MyDayCollectionViewLayoutFactory.swift; sourceTree = "<group>"; };
		300C599526C9BE8A0028667A /* ActivityItemCollectionCell.swift */ = {isa = PBXFileReference; lastKnownFileType = sourcecode.swift; path = ActivityItemCollectionCell.swift; sourceTree = "<group>"; };
		300C599726C9BEA20028667A /* Activity.swift */ = {isa = PBXFileReference; lastKnownFileType = sourcecode.swift; path = Activity.swift; sourceTree = "<group>"; };
		300C599926C9C1F60028667A /* ActivityItemCollectionCell.xib */ = {isa = PBXFileReference; lastKnownFileType = file.xib; path = ActivityItemCollectionCell.xib; sourceTree = "<group>"; };
		300C599B26C9CEFD0028667A /* ActivityService.swift */ = {isa = PBXFileReference; lastKnownFileType = sourcecode.swift; path = ActivityService.swift; sourceTree = "<group>"; };
		301FACF426C8E0F800B76761 /* StringValidationExtension.swift */ = {isa = PBXFileReference; lastKnownFileType = sourcecode.swift; path = StringValidationExtension.swift; sourceTree = "<group>"; };
		301FACF726C8E5D400B76761 /* HomeViewController.swift */ = {isa = PBXFileReference; lastKnownFileType = sourcecode.swift; path = HomeViewController.swift; sourceTree = "<group>"; };
		301FAD0026C8E7F200B76761 /* MDUserManager.swift */ = {isa = PBXFileReference; lastKnownFileType = sourcecode.swift; path = MDUserManager.swift; sourceTree = "<group>"; };
		30257E3826C8BC2600D273DC /* MyDay.app */ = {isa = PBXFileReference; explicitFileType = wrapper.application; includeInIndex = 0; path = MyDay.app; sourceTree = BUILT_PRODUCTS_DIR; };
		30257E3B26C8BC2600D273DC /* AppDelegate.swift */ = {isa = PBXFileReference; lastKnownFileType = sourcecode.swift; path = AppDelegate.swift; sourceTree = "<group>"; };
		30257E3D26C8BC2600D273DC /* SceneDelegate.swift */ = {isa = PBXFileReference; lastKnownFileType = sourcecode.swift; path = SceneDelegate.swift; sourceTree = "<group>"; };
		30257E3F26C8BC2600D273DC /* AuthViewController.swift */ = {isa = PBXFileReference; lastKnownFileType = sourcecode.swift; path = AuthViewController.swift; sourceTree = "<group>"; };
		30257E4226C8BC2600D273DC /* Base */ = {isa = PBXFileReference; lastKnownFileType = file.storyboard; name = Base; path = Base.lproj/Main.storyboard; sourceTree = "<group>"; };
		30257E4426C8BC2800D273DC /* Assets.xcassets */ = {isa = PBXFileReference; lastKnownFileType = folder.assetcatalog; path = Assets.xcassets; sourceTree = "<group>"; };
		30257E4726C8BC2800D273DC /* Base */ = {isa = PBXFileReference; lastKnownFileType = file.storyboard; name = Base; path = Base.lproj/LaunchScreen.storyboard; sourceTree = "<group>"; };
		30257E4926C8BC2800D273DC /* Info.plist */ = {isa = PBXFileReference; lastKnownFileType = text.plist.xml; path = Info.plist; sourceTree = "<group>"; };
		30257E4E26C8BC2800D273DC /* MyDayTests.xctest */ = {isa = PBXFileReference; explicitFileType = wrapper.cfbundle; includeInIndex = 0; path = MyDayTests.xctest; sourceTree = BUILT_PRODUCTS_DIR; };
		30257E5226C8BC2800D273DC /* MyDayTests.swift */ = {isa = PBXFileReference; lastKnownFileType = sourcecode.swift; path = MyDayTests.swift; sourceTree = "<group>"; };
		30257E5426C8BC2800D273DC /* Info.plist */ = {isa = PBXFileReference; lastKnownFileType = text.plist.xml; path = Info.plist; sourceTree = "<group>"; };
		30257E5926C8BC2800D273DC /* MyDayUITests.xctest */ = {isa = PBXFileReference; explicitFileType = wrapper.cfbundle; includeInIndex = 0; path = MyDayUITests.xctest; sourceTree = BUILT_PRODUCTS_DIR; };
		30257E5D26C8BC2800D273DC /* MyDayUITests.swift */ = {isa = PBXFileReference; lastKnownFileType = sourcecode.swift; path = MyDayUITests.swift; sourceTree = "<group>"; };
		30257E5F26C8BC2800D273DC /* Info.plist */ = {isa = PBXFileReference; lastKnownFileType = text.plist.xml; path = Info.plist; sourceTree = "<group>"; };
		307BBDB126C9876F00D01D54 /* HomeViewModel.swift */ = {isa = PBXFileReference; lastKnownFileType = sourcecode.swift; path = HomeViewModel.swift; sourceTree = "<group>"; };
		307BBDB526C987C400D01D54 /* AuthViewModel.swift */ = {isa = PBXFileReference; lastKnownFileType = sourcecode.swift; path = AuthViewModel.swift; sourceTree = "<group>"; };
		307BBDB726C987D700D01D54 /* AuthCoordinator.swift */ = {isa = PBXFileReference; lastKnownFileType = sourcecode.swift; path = AuthCoordinator.swift; sourceTree = "<group>"; };
		307BBDB926C987EE00D01D54 /* HomeCoordinator.swift */ = {isa = PBXFileReference; lastKnownFileType = sourcecode.swift; path = HomeCoordinator.swift; sourceTree = "<group>"; };
		307BBDBB26C9964800D01D54 /* StartUpViewModel.swift */ = {isa = PBXFileReference; lastKnownFileType = sourcecode.swift; path = StartUpViewModel.swift; sourceTree = "<group>"; };
		307BBDBD26C9965500D01D54 /* StartUpCoordinator.swift */ = {isa = PBXFileReference; lastKnownFileType = sourcecode.swift; path = StartUpCoordinator.swift; sourceTree = "<group>"; };
		308C965226C8F10E00425CDF /* StartUpViewController.swift */ = {isa = PBXFileReference; lastKnownFileType = sourcecode.swift; path = StartUpViewController.swift; sourceTree = "<group>"; };
		308C965526C8F80800425CDF /* MyDayViewController.swift */ = {isa = PBXFileReference; lastKnownFileType = sourcecode.swift; path = MyDayViewController.swift; sourceTree = "<group>"; };
		308C965726C8FA7B00425CDF /* MyDay.swift */ = {isa = PBXFileReference; lastKnownFileType = sourcecode.swift; path = MyDay.swift; sourceTree = "<group>"; };
		308C965926C8FA9100425CDF /* MyDayViewModel.swift */ = {isa = PBXFileReference; lastKnownFileType = sourcecode.swift; path = MyDayViewModel.swift; sourceTree = "<group>"; };
		308C965B26C8FADC00425CDF /* MyDayService.swift */ = {isa = PBXFileReference; lastKnownFileType = sourcecode.swift; path = MyDayService.swift; sourceTree = "<group>"; };
		30BA9A8826C8BF0A00D14757 /* GoogleService-Info.plist */ = {isa = PBXFileReference; fileEncoding = 4; lastKnownFileType = text.plist.xml; path = "GoogleService-Info.plist"; sourceTree = "<group>"; };
		30C40B5326C9776B00FBE5E6 /* Coordinate.swift */ = {isa = PBXFileReference; lastKnownFileType = sourcecode.swift; path = Coordinate.swift; sourceTree = "<group>"; };
		30C40B5626C977A400FBE5E6 /* AppCoordinator.swift */ = {isa = PBXFileReference; lastKnownFileType = sourcecode.swift; path = AppCoordinator.swift; sourceTree = "<group>"; };
		30C40B5826C97C7B00FBE5E6 /* App.swift */ = {isa = PBXFileReference; lastKnownFileType = sourcecode.swift; path = App.swift; sourceTree = "<group>"; };
		30C40B5A26C97E0600FBE5E6 /* Application.swift */ = {isa = PBXFileReference; lastKnownFileType = sourcecode.swift; path = Application.swift; sourceTree = "<group>"; };
		30C40B5C26C9802A00FBE5E6 /* SignUpCoordinator.swift */ = {isa = PBXFileReference; lastKnownFileType = sourcecode.swift; path = SignUpCoordinator.swift; sourceTree = "<group>"; };
		30C40B5E26C9821900FBE5E6 /* LoginCoordinator.swift */ = {isa = PBXFileReference; lastKnownFileType = sourcecode.swift; path = LoginCoordinator.swift; sourceTree = "<group>"; };
		30C40B6026C984FF00FBE5E6 /* MyDayCoordinator.swift */ = {isa = PBXFileReference; lastKnownFileType = sourcecode.swift; path = MyDayCoordinator.swift; sourceTree = "<group>"; };
		30D53E1226D495FE00AF811B /* JSONLoader.swift */ = {isa = PBXFileReference; lastKnownFileType = sourcecode.swift; path = JSONLoader.swift; sourceTree = "<group>"; };
		30D53E1726D4983C00AF811B /* App.Font.swift */ = {isa = PBXFileReference; lastKnownFileType = sourcecode.swift; path = App.Font.swift; sourceTree = "<group>"; };
		30D53E1B26D4987C00AF811B /* App.Error.swift */ = {isa = PBXFileReference; lastKnownFileType = sourcecode.swift; path = App.Error.swift; sourceTree = "<group>"; };
		30D53E1E26D49F3200AF811B /* JsonSchemaSupport.swift */ = {isa = PBXFileReference; lastKnownFileType = sourcecode.swift; path = JsonSchemaSupport.swift; sourceTree = "<group>"; };
		30D53E2026D4A1D100AF811B /* UIColor+Extensions.swift */ = {isa = PBXFileReference; lastKnownFileType = sourcecode.swift; path = "UIColor+Extensions.swift"; sourceTree = "<group>"; };
		30D53E2226D4A1E200AF811B /* UIImageView+Extensions.swift */ = {isa = PBXFileReference; lastKnownFileType = sourcecode.swift; path = "UIImageView+Extensions.swift"; sourceTree = "<group>"; };
		30D53E2426D4A20700AF811B /* UIDevice+Extensions.swift */ = {isa = PBXFileReference; lastKnownFileType = sourcecode.swift; path = "UIDevice+Extensions.swift"; sourceTree = "<group>"; };
		30D53E2726D4A2AF00AF811B /* App.Segues.swift */ = {isa = PBXFileReference; lastKnownFileType = sourcecode.swift; path = App.Segues.swift; sourceTree = "<group>"; };
		30DCD95B26C8C4FD00E70EF1 /* ServiceProvider.swift */ = {isa = PBXFileReference; lastKnownFileType = sourcecode.swift; path = ServiceProvider.swift; sourceTree = "<group>"; };
		30DCD95F26C8C8C800E70EF1 /* SignUpService.swift */ = {isa = PBXFileReference; lastKnownFileType = sourcecode.swift; path = SignUpService.swift; sourceTree = "<group>"; };
		30DCD96126C8C8F500E70EF1 /* LoginService.swift */ = {isa = PBXFileReference; lastKnownFileType = sourcecode.swift; path = LoginService.swift; sourceTree = "<group>"; };
		30DCD96626C8CA7A00E70EF1 /* SignUpViewController.swift */ = {isa = PBXFileReference; lastKnownFileType = sourcecode.swift; path = SignUpViewController.swift; sourceTree = "<group>"; };
		30DCD96826C8CA8300E70EF1 /* LoginViewController.swift */ = {isa = PBXFileReference; lastKnownFileType = sourcecode.swift; path = LoginViewController.swift; sourceTree = "<group>"; };
		30DCD96A26C8CC3000E70EF1 /* StoryBoardInit.swift */ = {isa = PBXFileReference; lastKnownFileType = sourcecode.swift; path = StoryBoardInit.swift; sourceTree = "<group>"; };
		30DCD96C26C8CC5500E70EF1 /* ViewModel.swift */ = {isa = PBXFileReference; lastKnownFileType = sourcecode.swift; path = ViewModel.swift; sourceTree = "<group>"; };
		30DCD96E26C8CD2600E70EF1 /* SignUpViewModel.swift */ = {isa = PBXFileReference; lastKnownFileType = sourcecode.swift; path = SignUpViewModel.swift; sourceTree = "<group>"; };
		30DCD97326C8D49C00E70EF1 /* LoginViewModel.swift */ = {isa = PBXFileReference; lastKnownFileType = sourcecode.swift; path = LoginViewModel.swift; sourceTree = "<group>"; };
		30DCD97526C8D4B000E70EF1 /* AuthCredentials.swift */ = {isa = PBXFileReference; lastKnownFileType = sourcecode.swift; path = AuthCredentials.swift; sourceTree = "<group>"; };
		38D8AB75DF6D07F696F4387E /* Pods_MyDay_MyDayUITests.framework */ = {isa = PBXFileReference; explicitFileType = wrapper.framework; includeInIndex = 0; path = Pods_MyDay_MyDayUITests.framework; sourceTree = BUILT_PRODUCTS_DIR; };
		3FCFFD7052B99286B8BB7649 /* Pods-MyDay.debug.xcconfig */ = {isa = PBXFileReference; includeInIndex = 1; lastKnownFileType = text.xcconfig; name = "Pods-MyDay.debug.xcconfig"; path = "Target Support Files/Pods-MyDay/Pods-MyDay.debug.xcconfig"; sourceTree = "<group>"; };
		42ED5925A9B1BECF208F47E4 /* Pods_MyDay.framework */ = {isa = PBXFileReference; explicitFileType = wrapper.framework; includeInIndex = 0; path = Pods_MyDay.framework; sourceTree = BUILT_PRODUCTS_DIR; };
		5824E41E2B61332A56ED4008 /* Pods-MyDayTests.release.xcconfig */ = {isa = PBXFileReference; includeInIndex = 1; lastKnownFileType = text.xcconfig; name = "Pods-MyDayTests.release.xcconfig"; path = "Target Support Files/Pods-MyDayTests/Pods-MyDayTests.release.xcconfig"; sourceTree = "<group>"; };
		60CA12EA3F8697485467D2F5 /* Pods-MyDay-MyDayUITests.release.xcconfig */ = {isa = PBXFileReference; includeInIndex = 1; lastKnownFileType = text.xcconfig; name = "Pods-MyDay-MyDayUITests.release.xcconfig"; path = "Target Support Files/Pods-MyDay-MyDayUITests/Pods-MyDay-MyDayUITests.release.xcconfig"; sourceTree = "<group>"; };
		7359A1767DEBCE785801976D /* Pods-MyDayTests.debug.xcconfig */ = {isa = PBXFileReference; includeInIndex = 1; lastKnownFileType = text.xcconfig; name = "Pods-MyDayTests.debug.xcconfig"; path = "Target Support Files/Pods-MyDayTests/Pods-MyDayTests.debug.xcconfig"; sourceTree = "<group>"; };
		79EFBA1FD06D50C59E01271F /* Pods-MyDay.release.xcconfig */ = {isa = PBXFileReference; includeInIndex = 1; lastKnownFileType = text.xcconfig; name = "Pods-MyDay.release.xcconfig"; path = "Target Support Files/Pods-MyDay/Pods-MyDay.release.xcconfig"; sourceTree = "<group>"; };
		B15759E44BE64416AF814D80 /* Pods_MyDayTests.framework */ = {isa = PBXFileReference; explicitFileType = wrapper.framework; includeInIndex = 0; path = Pods_MyDayTests.framework; sourceTree = BUILT_PRODUCTS_DIR; };
/* End PBXFileReference section */

/* Begin PBXFrameworksBuildPhase section */
		30257E3526C8BC2600D273DC /* Frameworks */ = {
			isa = PBXFrameworksBuildPhase;
			buildActionMask = 2147483647;
			files = (
				32CD795907646394246BCDE9 /* Pods_MyDay.framework in Frameworks */,
			);
			runOnlyForDeploymentPostprocessing = 0;
		};
		30257E4B26C8BC2800D273DC /* Frameworks */ = {
			isa = PBXFrameworksBuildPhase;
			buildActionMask = 2147483647;
			files = (
				389CB6E23AC87CB9BDCAEE7B /* Pods_MyDayTests.framework in Frameworks */,
			);
			runOnlyForDeploymentPostprocessing = 0;
		};
		30257E5626C8BC2800D273DC /* Frameworks */ = {
			isa = PBXFrameworksBuildPhase;
			buildActionMask = 2147483647;
			files = (
				8B41679EC0C1CA683C6404ED /* Pods_MyDay_MyDayUITests.framework in Frameworks */,
			);
			runOnlyForDeploymentPostprocessing = 0;
		};
/* End PBXFrameworksBuildPhase section */

/* Begin PBXGroup section */
		067F41B4CC6209C89E6EA5B8 /* Pods */ = {
			isa = PBXGroup;
			children = (
				3FCFFD7052B99286B8BB7649 /* Pods-MyDay.debug.xcconfig */,
				79EFBA1FD06D50C59E01271F /* Pods-MyDay.release.xcconfig */,
				04B58AB76A2166C68F75D80F /* Pods-MyDay-MyDayUITests.debug.xcconfig */,
				60CA12EA3F8697485467D2F5 /* Pods-MyDay-MyDayUITests.release.xcconfig */,
				7359A1767DEBCE785801976D /* Pods-MyDayTests.debug.xcconfig */,
				5824E41E2B61332A56ED4008 /* Pods-MyDayTests.release.xcconfig */,
			);
			path = Pods;
			sourceTree = "<group>";
		};
		300C599426C9BCF20028667A /* Cells */ = {
			isa = PBXGroup;
			children = (
				300C599526C9BE8A0028667A /* ActivityItemCollectionCell.swift */,
				300C599926C9C1F60028667A /* ActivityItemCollectionCell.xib */,
			);
			path = Cells;
			sourceTree = "<group>";
		};
		301FACF626C8E5C600B76761 /* Home */ = {
			isa = PBXGroup;
			children = (
				301FACF726C8E5D400B76761 /* HomeViewController.swift */,
				307BBDB126C9876F00D01D54 /* HomeViewModel.swift */,
				307BBDB926C987EE00D01D54 /* HomeCoordinator.swift */,
			);
			path = Home;
			sourceTree = "<group>";
		};
		301FACF926C8E5DC00B76761 /* Storyboards */ = {
			isa = PBXGroup;
			children = (
				30257E4126C8BC2600D273DC /* Main.storyboard */,
			);
			path = Storyboards;
			sourceTree = "<group>";
		};
		301FACFC26C8E6F200B76761 /* Navigation */ = {
			isa = PBXGroup;
			children = (
				308C965226C8F10E00425CDF /* StartUpViewController.swift */,
				307BBDBB26C9964800D01D54 /* StartUpViewModel.swift */,
				307BBDBD26C9965500D01D54 /* StartUpCoordinator.swift */,
			);
			path = Navigation;
			sourceTree = "<group>";
		};
		301FACFF26C8E7E700B76761 /* Managers */ = {
			isa = PBXGroup;
			children = (
				301FAD0026C8E7F200B76761 /* MDUserManager.swift */,
			);
			path = Managers;
			sourceTree = "<group>";
		};
		30257E2F26C8BC2600D273DC = {
			isa = PBXGroup;
			children = (
				30257E3A26C8BC2600D273DC /* MyDay */,
				30257E5126C8BC2800D273DC /* MyDayTests */,
				30257E5C26C8BC2800D273DC /* MyDayUITests */,
				30257E3926C8BC2600D273DC /* Products */,
				067F41B4CC6209C89E6EA5B8 /* Pods */,
				AAB11D52F32694CB8FE99982 /* Frameworks */,
			);
			sourceTree = "<group>";
		};
		30257E3926C8BC2600D273DC /* Products */ = {
			isa = PBXGroup;
			children = (
				30257E3826C8BC2600D273DC /* MyDay.app */,
				30257E4E26C8BC2800D273DC /* MyDayTests.xctest */,
				30257E5926C8BC2800D273DC /* MyDayUITests.xctest */,
			);
			name = Products;
			sourceTree = "<group>";
		};
		30257E3A26C8BC2600D273DC /* MyDay */ = {
			isa = PBXGroup;
			children = (
				30D53E1426D4982700AF811B /* App */,
				30D53E2626D4A24100AF811B /* AppDelegate */,
				30257E4426C8BC2800D273DC /* Assets.xcassets */,
				30257E6B26C8BCAE00D273DC /* Base */,
				30257E6F26C8BD8000D273DC /* Extensions */,
				30BA9A8826C8BF0A00D14757 /* GoogleService-Info.plist */,
				30257E4926C8BC2800D273DC /* Info.plist */,
				30257E4626C8BC2800D273DC /* LaunchScreen.storyboard */,
				301FACFF26C8E7E700B76761 /* Managers */,
				30DCD97026C8CE7900E70EF1 /* Models */,
				30257E6E26C8BCF400D273DC /* Modules */,
				301FACFC26C8E6F200B76761 /* Navigation */,
				30D53E0F26D4952500AF811B /* Resources */,
				30257E7026C8BD8800D273DC /* Services */,
				301FACF926C8E5DC00B76761 /* Storyboards */,
				30D53E1D26D49DC100AF811B /* Utility */,
				30257E6C26C8BCB500D273DC /* View */,
			);
			path = MyDay;
			sourceTree = "<group>";
		};
		30257E5126C8BC2800D273DC /* MyDayTests */ = {
			isa = PBXGroup;
			children = (
				30257E5226C8BC2800D273DC /* MyDayTests.swift */,
				30257E5426C8BC2800D273DC /* Info.plist */,
			);
			path = MyDayTests;
			sourceTree = "<group>";
		};
		30257E5C26C8BC2800D273DC /* MyDayUITests */ = {
			isa = PBXGroup;
			children = (
				30257E5D26C8BC2800D273DC /* MyDayUITests.swift */,
				30257E5F26C8BC2800D273DC /* Info.plist */,
			);
			path = MyDayUITests;
			sourceTree = "<group>";
		};
		30257E6B26C8BCAE00D273DC /* Base */ = {
			isa = PBXGroup;
			children = (
				30C40B5826C97C7B00FBE5E6 /* App.swift */,
				30DCD95B26C8C4FD00E70EF1 /* ServiceProvider.swift */,
				30DCD96A26C8CC3000E70EF1 /* StoryBoardInit.swift */,
				30DCD96C26C8CC5500E70EF1 /* ViewModel.swift */,
				30C40B5326C9776B00FBE5E6 /* Coordinate.swift */,
			);
			path = Base;
			sourceTree = "<group>";
		};
		30257E6C26C8BCB500D273DC /* View */ = {
			isa = PBXGroup;
			children = (
			);
			path = View;
			sourceTree = "<group>";
		};
		30257E6E26C8BCF400D273DC /* Modules */ = {
			isa = PBXGroup;
			children = (
				308C965426C8F7F400425CDF /* MyDay */,
				301FACF626C8E5C600B76761 /* Home */,
				30DCD96326C8C9A600E70EF1 /* Auth */,
			);
			path = Modules;
			sourceTree = "<group>";
		};
		30257E6F26C8BD8000D273DC /* Extensions */ = {
			isa = PBXGroup;
			children = (
				301FACF426C8E0F800B76761 /* StringValidationExtension.swift */,
				30D53E1E26D49F3200AF811B /* JsonSchemaSupport.swift */,
				30D53E2026D4A1D100AF811B /* UIColor+Extensions.swift */,
				30D53E2226D4A1E200AF811B /* UIImageView+Extensions.swift */,
				30D53E2426D4A20700AF811B /* UIDevice+Extensions.swift */,
			);
			path = Extensions;
			sourceTree = "<group>";
		};
		30257E7026C8BD8800D273DC /* Services */ = {
			isa = PBXGroup;
			children = (
				30DCD95F26C8C8C800E70EF1 /* SignUpService.swift */,
				30DCD96126C8C8F500E70EF1 /* LoginService.swift */,
				308C965B26C8FADC00425CDF /* MyDayService.swift */,
				300C599B26C9CEFD0028667A /* ActivityService.swift */,
			);
			path = Services;
			sourceTree = "<group>";
		};
		308C965426C8F7F400425CDF /* MyDay */ = {
			isa = PBXGroup;
			children = (
				300C599426C9BCF20028667A /* Cells */,
				308C965526C8F80800425CDF /* MyDayViewController.swift */,
				308C965926C8FA9100425CDF /* MyDayViewModel.swift */,
				30C40B6026C984FF00FBE5E6 /* MyDayCoordinator.swift */,
				300C599226C9B9960028667A /* MyDayCollectionViewLayoutFactory.swift */,
			);
			path = MyDay;
			sourceTree = "<group>";
		};
		30D53E0F26D4952500AF811B /* Resources */ = {
			isa = PBXGroup;
			children = (
			);
			path = Resources;
			sourceTree = "<group>";
		};
		30D53E1426D4982700AF811B /* App */ = {
			isa = PBXGroup;
			children = (
				30D53E1726D4983C00AF811B /* App.Font.swift */,
				30D53E1B26D4987C00AF811B /* App.Error.swift */,
				30D53E2726D4A2AF00AF811B /* App.Segues.swift */,
			);
			path = App;
			sourceTree = "<group>";
		};
		30D53E1D26D49DC100AF811B /* Utility */ = {
			isa = PBXGroup;
			children = (
				30D53E1226D495FE00AF811B /* JSONLoader.swift */,
			);
			path = Utility;
			sourceTree = "<group>";
		};
		30D53E2626D4A24100AF811B /* AppDelegate */ = {
			isa = PBXGroup;
			children = (
				30C40B5A26C97E0600FBE5E6 /* Application.swift */,
				30257E3B26C8BC2600D273DC /* AppDelegate.swift */,
				30257E3D26C8BC2600D273DC /* SceneDelegate.swift */,
				30C40B5626C977A400FBE5E6 /* AppCoordinator.swift */,
			);
			path = AppDelegate;
			sourceTree = "<group>";
		};
		30DCD96326C8C9A600E70EF1 /* Auth */ = {
			isa = PBXGroup;
			children = (
				30257E3F26C8BC2600D273DC /* AuthViewController.swift */,
				307BBDB526C987C400D01D54 /* AuthViewModel.swift */,
				307BBDB726C987D700D01D54 /* AuthCoordinator.swift */,
				30DCD96526C8C9B200E70EF1 /* Login */,
				30DCD96426C8C9AC00E70EF1 /* SignUp */,
			);
			path = Auth;
			sourceTree = "<group>";
		};
		30DCD96426C8C9AC00E70EF1 /* SignUp */ = {
			isa = PBXGroup;
			children = (
				30DCD96626C8CA7A00E70EF1 /* SignUpViewController.swift */,
				30DCD96E26C8CD2600E70EF1 /* SignUpViewModel.swift */,
				30C40B5C26C9802A00FBE5E6 /* SignUpCoordinator.swift */,
			);
			path = SignUp;
			sourceTree = "<group>";
		};
		30DCD96526C8C9B200E70EF1 /* Login */ = {
			isa = PBXGroup;
			children = (
				30DCD96826C8CA8300E70EF1 /* LoginViewController.swift */,
				30DCD97326C8D49C00E70EF1 /* LoginViewModel.swift */,
				30C40B5E26C9821900FBE5E6 /* LoginCoordinator.swift */,
			);
			path = Login;
			sourceTree = "<group>";
		};
		30DCD97026C8CE7900E70EF1 /* Models */ = {
			isa = PBXGroup;
			children = (
				30DCD97526C8D4B000E70EF1 /* AuthCredentials.swift */,
				308C965726C8FA7B00425CDF /* MyDay.swift */,
				300C599726C9BEA20028667A /* Activity.swift */,
			);
			path = Models;
			sourceTree = "<group>";
		};
		AAB11D52F32694CB8FE99982 /* Frameworks */ = {
			isa = PBXGroup;
			children = (
				42ED5925A9B1BECF208F47E4 /* Pods_MyDay.framework */,
				38D8AB75DF6D07F696F4387E /* Pods_MyDay_MyDayUITests.framework */,
				B15759E44BE64416AF814D80 /* Pods_MyDayTests.framework */,
			);
			name = Frameworks;
			sourceTree = "<group>";
		};
/* End PBXGroup section */

/* Begin PBXNativeTarget section */
		30257E3726C8BC2600D273DC /* MyDay */ = {
			isa = PBXNativeTarget;
			buildConfigurationList = 30257E6226C8BC2800D273DC /* Build configuration list for PBXNativeTarget "MyDay" */;
			buildPhases = (
				45DB8D2F9398402F07D7C2AD /* [CP] Check Pods Manifest.lock */,
				30257E3426C8BC2600D273DC /* Sources */,
				30257E3526C8BC2600D273DC /* Frameworks */,
				30257E3626C8BC2600D273DC /* Resources */,
				99872D96CB86B601A822D5D4 /* [CP] Embed Pods Frameworks */,
			);
			buildRules = (
			);
			dependencies = (
			);
			name = MyDay;
			productName = MyDay;
			productReference = 30257E3826C8BC2600D273DC /* MyDay.app */;
			productType = "com.apple.product-type.application";
		};
		30257E4D26C8BC2800D273DC /* MyDayTests */ = {
			isa = PBXNativeTarget;
			buildConfigurationList = 30257E6526C8BC2800D273DC /* Build configuration list for PBXNativeTarget "MyDayTests" */;
			buildPhases = (
				162A5E468F5203EF38D7F8B1 /* [CP] Check Pods Manifest.lock */,
				30257E4A26C8BC2800D273DC /* Sources */,
				30257E4B26C8BC2800D273DC /* Frameworks */,
				30257E4C26C8BC2800D273DC /* Resources */,
			);
			buildRules = (
			);
			dependencies = (
				30257E5026C8BC2800D273DC /* PBXTargetDependency */,
			);
			name = MyDayTests;
			productName = MyDayTests;
			productReference = 30257E4E26C8BC2800D273DC /* MyDayTests.xctest */;
			productType = "com.apple.product-type.bundle.unit-test";
		};
		30257E5826C8BC2800D273DC /* MyDayUITests */ = {
			isa = PBXNativeTarget;
			buildConfigurationList = 30257E6826C8BC2800D273DC /* Build configuration list for PBXNativeTarget "MyDayUITests" */;
			buildPhases = (
				59099DA37ED543B4AB94D88C /* [CP] Check Pods Manifest.lock */,
				30257E5526C8BC2800D273DC /* Sources */,
				30257E5626C8BC2800D273DC /* Frameworks */,
				30257E5726C8BC2800D273DC /* Resources */,
				26F4ECB87A37499E313353DC /* [CP] Embed Pods Frameworks */,
			);
			buildRules = (
			);
			dependencies = (
				30257E5B26C8BC2800D273DC /* PBXTargetDependency */,
			);
			name = MyDayUITests;
			productName = MyDayUITests;
			productReference = 30257E5926C8BC2800D273DC /* MyDayUITests.xctest */;
			productType = "com.apple.product-type.bundle.ui-testing";
		};
/* End PBXNativeTarget section */

/* Begin PBXProject section */
		30257E3026C8BC2600D273DC /* Project object */ = {
			isa = PBXProject;
			attributes = {
				LastSwiftUpdateCheck = 1250;
				LastUpgradeCheck = 1250;
				TargetAttributes = {
					30257E3726C8BC2600D273DC = {
						CreatedOnToolsVersion = 12.5.1;
					};
					30257E4D26C8BC2800D273DC = {
						CreatedOnToolsVersion = 12.5.1;
						TestTargetID = 30257E3726C8BC2600D273DC;
					};
					30257E5826C8BC2800D273DC = {
						CreatedOnToolsVersion = 12.5.1;
						TestTargetID = 30257E3726C8BC2600D273DC;
					};
				};
			};
			buildConfigurationList = 30257E3326C8BC2600D273DC /* Build configuration list for PBXProject "MyDay" */;
			compatibilityVersion = "Xcode 9.3";
			developmentRegion = en;
			hasScannedForEncodings = 0;
			knownRegions = (
				en,
				Base,
			);
			mainGroup = 30257E2F26C8BC2600D273DC;
			productRefGroup = 30257E3926C8BC2600D273DC /* Products */;
			projectDirPath = "";
			projectRoot = "";
			targets = (
				30257E3726C8BC2600D273DC /* MyDay */,
				30257E4D26C8BC2800D273DC /* MyDayTests */,
				30257E5826C8BC2800D273DC /* MyDayUITests */,
			);
		};
/* End PBXProject section */

/* Begin PBXResourcesBuildPhase section */
		30257E3626C8BC2600D273DC /* Resources */ = {
			isa = PBXResourcesBuildPhase;
			buildActionMask = 2147483647;
			files = (
				30257E4826C8BC2800D273DC /* LaunchScreen.storyboard in Resources */,
				30BA9A8926C8BF0A00D14757 /* GoogleService-Info.plist in Resources */,
				30257E4526C8BC2800D273DC /* Assets.xcassets in Resources */,
				30257E4326C8BC2600D273DC /* Main.storyboard in Resources */,
				300C599A26C9C1F60028667A /* ActivityItemCollectionCell.xib in Resources */,
			);
			runOnlyForDeploymentPostprocessing = 0;
		};
		30257E4C26C8BC2800D273DC /* Resources */ = {
			isa = PBXResourcesBuildPhase;
			buildActionMask = 2147483647;
			files = (
			);
			runOnlyForDeploymentPostprocessing = 0;
		};
		30257E5726C8BC2800D273DC /* Resources */ = {
			isa = PBXResourcesBuildPhase;
			buildActionMask = 2147483647;
			files = (
			);
			runOnlyForDeploymentPostprocessing = 0;
		};
/* End PBXResourcesBuildPhase section */

/* Begin PBXShellScriptBuildPhase section */
		162A5E468F5203EF38D7F8B1 /* [CP] Check Pods Manifest.lock */ = {
			isa = PBXShellScriptBuildPhase;
			buildActionMask = 2147483647;
			files = (
			);
			inputFileListPaths = (
			);
			inputPaths = (
				"${PODS_PODFILE_DIR_PATH}/Podfile.lock",
				"${PODS_ROOT}/Manifest.lock",
			);
			name = "[CP] Check Pods Manifest.lock";
			outputFileListPaths = (
			);
			outputPaths = (
				"$(DERIVED_FILE_DIR)/Pods-MyDayTests-checkManifestLockResult.txt",
			);
			runOnlyForDeploymentPostprocessing = 0;
			shellPath = /bin/sh;
			shellScript = "diff \"${PODS_PODFILE_DIR_PATH}/Podfile.lock\" \"${PODS_ROOT}/Manifest.lock\" > /dev/null\nif [ $? != 0 ] ; then\n    # print error to STDERR\n    echo \"error: The sandbox is not in sync with the Podfile.lock. Run 'pod install' or update your CocoaPods installation.\" >&2\n    exit 1\nfi\n# This output is used by Xcode 'outputs' to avoid re-running this script phase.\necho \"SUCCESS\" > \"${SCRIPT_OUTPUT_FILE_0}\"\n";
			showEnvVarsInLog = 0;
		};
		26F4ECB87A37499E313353DC /* [CP] Embed Pods Frameworks */ = {
			isa = PBXShellScriptBuildPhase;
			buildActionMask = 2147483647;
			files = (
			);
			inputFileListPaths = (
				"${PODS_ROOT}/Target Support Files/Pods-MyDay-MyDayUITests/Pods-MyDay-MyDayUITests-frameworks-${CONFIGURATION}-input-files.xcfilelist",
			);
			name = "[CP] Embed Pods Frameworks";
			outputFileListPaths = (
				"${PODS_ROOT}/Target Support Files/Pods-MyDay-MyDayUITests/Pods-MyDay-MyDayUITests-frameworks-${CONFIGURATION}-output-files.xcfilelist",
			);
			runOnlyForDeploymentPostprocessing = 0;
			shellPath = /bin/sh;
			shellScript = "\"${PODS_ROOT}/Target Support Files/Pods-MyDay-MyDayUITests/Pods-MyDay-MyDayUITests-frameworks.sh\"\n";
			showEnvVarsInLog = 0;
		};
		45DB8D2F9398402F07D7C2AD /* [CP] Check Pods Manifest.lock */ = {
			isa = PBXShellScriptBuildPhase;
			buildActionMask = 2147483647;
			files = (
			);
			inputFileListPaths = (
			);
			inputPaths = (
				"${PODS_PODFILE_DIR_PATH}/Podfile.lock",
				"${PODS_ROOT}/Manifest.lock",
			);
			name = "[CP] Check Pods Manifest.lock";
			outputFileListPaths = (
			);
			outputPaths = (
				"$(DERIVED_FILE_DIR)/Pods-MyDay-checkManifestLockResult.txt",
			);
			runOnlyForDeploymentPostprocessing = 0;
			shellPath = /bin/sh;
			shellScript = "diff \"${PODS_PODFILE_DIR_PATH}/Podfile.lock\" \"${PODS_ROOT}/Manifest.lock\" > /dev/null\nif [ $? != 0 ] ; then\n    # print error to STDERR\n    echo \"error: The sandbox is not in sync with the Podfile.lock. Run 'pod install' or update your CocoaPods installation.\" >&2\n    exit 1\nfi\n# This output is used by Xcode 'outputs' to avoid re-running this script phase.\necho \"SUCCESS\" > \"${SCRIPT_OUTPUT_FILE_0}\"\n";
			showEnvVarsInLog = 0;
		};
		59099DA37ED543B4AB94D88C /* [CP] Check Pods Manifest.lock */ = {
			isa = PBXShellScriptBuildPhase;
			buildActionMask = 2147483647;
			files = (
			);
			inputFileListPaths = (
			);
			inputPaths = (
				"${PODS_PODFILE_DIR_PATH}/Podfile.lock",
				"${PODS_ROOT}/Manifest.lock",
			);
			name = "[CP] Check Pods Manifest.lock";
			outputFileListPaths = (
			);
			outputPaths = (
				"$(DERIVED_FILE_DIR)/Pods-MyDay-MyDayUITests-checkManifestLockResult.txt",
			);
			runOnlyForDeploymentPostprocessing = 0;
			shellPath = /bin/sh;
			shellScript = "diff \"${PODS_PODFILE_DIR_PATH}/Podfile.lock\" \"${PODS_ROOT}/Manifest.lock\" > /dev/null\nif [ $? != 0 ] ; then\n    # print error to STDERR\n    echo \"error: The sandbox is not in sync with the Podfile.lock. Run 'pod install' or update your CocoaPods installation.\" >&2\n    exit 1\nfi\n# This output is used by Xcode 'outputs' to avoid re-running this script phase.\necho \"SUCCESS\" > \"${SCRIPT_OUTPUT_FILE_0}\"\n";
			showEnvVarsInLog = 0;
		};
		99872D96CB86B601A822D5D4 /* [CP] Embed Pods Frameworks */ = {
			isa = PBXShellScriptBuildPhase;
			buildActionMask = 2147483647;
			files = (
			);
			inputFileListPaths = (
				"${PODS_ROOT}/Target Support Files/Pods-MyDay/Pods-MyDay-frameworks-${CONFIGURATION}-input-files.xcfilelist",
			);
			name = "[CP] Embed Pods Frameworks";
			outputFileListPaths = (
				"${PODS_ROOT}/Target Support Files/Pods-MyDay/Pods-MyDay-frameworks-${CONFIGURATION}-output-files.xcfilelist",
			);
			runOnlyForDeploymentPostprocessing = 0;
			shellPath = /bin/sh;
			shellScript = "\"${PODS_ROOT}/Target Support Files/Pods-MyDay/Pods-MyDay-frameworks.sh\"\n";
			showEnvVarsInLog = 0;
		};
/* End PBXShellScriptBuildPhase section */

/* Begin PBXSourcesBuildPhase section */
		30257E3426C8BC2600D273DC /* Sources */ = {
			isa = PBXSourcesBuildPhase;
			buildActionMask = 2147483647;
			files = (
				30DCD96D26C8CC5500E70EF1 /* ViewModel.swift in Sources */,
				308C965326C8F10E00425CDF /* StartUpViewController.swift in Sources */,
				30D53E1F26D49F3200AF811B /* JsonSchemaSupport.swift in Sources */,
				30C40B5726C977A400FBE5E6 /* AppCoordinator.swift in Sources */,
				307BBDBA26C987EE00D01D54 /* HomeCoordinator.swift in Sources */,
				308C965C26C8FADC00425CDF /* MyDayService.swift in Sources */,
				30DCD96B26C8CC3000E70EF1 /* StoryBoardInit.swift in Sources */,
				308C965A26C8FA9100425CDF /* MyDayViewModel.swift in Sources */,
				30D53E1826D4983C00AF811B /* App.Font.swift in Sources */,
				300C599C26C9CEFD0028667A /* ActivityService.swift in Sources */,
				300C599626C9BE8A0028667A /* ActivityItemCollectionCell.swift in Sources */,
				30DCD95C26C8C4FD00E70EF1 /* ServiceProvider.swift in Sources */,
				30DCD96726C8CA7A00E70EF1 /* SignUpViewController.swift in Sources */,
				30C40B5D26C9802A00FBE5E6 /* SignUpCoordinator.swift in Sources */,
				30DCD96026C8C8C800E70EF1 /* SignUpService.swift in Sources */,
				30C40B5B26C97E0600FBE5E6 /* Application.swift in Sources */,
				30C40B5426C9776B00FBE5E6 /* Coordinate.swift in Sources */,
				30D53E1326D495FE00AF811B /* JSONLoader.swift in Sources */,
				30D53E1C26D4987C00AF811B /* App.Error.swift in Sources */,
				30D53E2126D4A1D100AF811B /* UIColor+Extensions.swift in Sources */,
				307BBDB626C987C400D01D54 /* AuthViewModel.swift in Sources */,
				30DCD97626C8D4B000E70EF1 /* AuthCredentials.swift in Sources */,
				30257E4026C8BC2600D273DC /* AuthViewController.swift in Sources */,
				30C40B6126C984FF00FBE5E6 /* MyDayCoordinator.swift in Sources */,
				30DCD96926C8CA8300E70EF1 /* LoginViewController.swift in Sources */,
				30257E3C26C8BC2600D273DC /* AppDelegate.swift in Sources */,
				30DCD97426C8D49C00E70EF1 /* LoginViewModel.swift in Sources */,
				301FACF826C8E5D400B76761 /* HomeViewController.swift in Sources */,
				30C40B5F26C9821900FBE5E6 /* LoginCoordinator.swift in Sources */,
				30D53E2326D4A1E200AF811B /* UIImageView+Extensions.swift in Sources */,
				30D53E2526D4A20700AF811B /* UIDevice+Extensions.swift in Sources */,
				308C965826C8FA7B00425CDF /* MyDay.swift in Sources */,
				307BBDBC26C9964800D01D54 /* StartUpViewModel.swift in Sources */,
				307BBDBE26C9965500D01D54 /* StartUpCoordinator.swift in Sources */,
				301FAD0126C8E7F200B76761 /* MDUserManager.swift in Sources */,
				300C599826C9BEA20028667A /* Activity.swift in Sources */,
				300C599326C9B9960028667A /* MyDayCollectionViewLayoutFactory.swift in Sources */,
				308C965626C8F80800425CDF /* MyDayViewController.swift in Sources */,
				30257E3E26C8BC2600D273DC /* SceneDelegate.swift in Sources */,
				301FACF526C8E0F800B76761 /* StringValidationExtension.swift in Sources */,
				307BBDB826C987D700D01D54 /* AuthCoordinator.swift in Sources */,
				30C40B5926C97C7B00FBE5E6 /* App.swift in Sources */,
				30DCD96F26C8CD2600E70EF1 /* SignUpViewModel.swift in Sources */,
				30D53E2826D4A2AF00AF811B /* App.Segues.swift in Sources */,
				307BBDB226C9876F00D01D54 /* HomeViewModel.swift in Sources */,
				30DCD96226C8C8F500E70EF1 /* LoginService.swift in Sources */,
			);
			runOnlyForDeploymentPostprocessing = 0;
		};
		30257E4A26C8BC2800D273DC /* Sources */ = {
			isa = PBXSourcesBuildPhase;
			buildActionMask = 2147483647;
			files = (
				30257E5326C8BC2800D273DC /* MyDayTests.swift in Sources */,
			);
			runOnlyForDeploymentPostprocessing = 0;
		};
		30257E5526C8BC2800D273DC /* Sources */ = {
			isa = PBXSourcesBuildPhase;
			buildActionMask = 2147483647;
			files = (
				30257E5E26C8BC2800D273DC /* MyDayUITests.swift in Sources */,
			);
			runOnlyForDeploymentPostprocessing = 0;
		};
/* End PBXSourcesBuildPhase section */

/* Begin PBXTargetDependency section */
		30257E5026C8BC2800D273DC /* PBXTargetDependency */ = {
			isa = PBXTargetDependency;
			target = 30257E3726C8BC2600D273DC /* MyDay */;
			targetProxy = 30257E4F26C8BC2800D273DC /* PBXContainerItemProxy */;
		};
		30257E5B26C8BC2800D273DC /* PBXTargetDependency */ = {
			isa = PBXTargetDependency;
			target = 30257E3726C8BC2600D273DC /* MyDay */;
			targetProxy = 30257E5A26C8BC2800D273DC /* PBXContainerItemProxy */;
		};
/* End PBXTargetDependency section */

/* Begin PBXVariantGroup section */
		30257E4126C8BC2600D273DC /* Main.storyboard */ = {
			isa = PBXVariantGroup;
			children = (
				30257E4226C8BC2600D273DC /* Base */,
			);
			name = Main.storyboard;
			sourceTree = "<group>";
		};
		30257E4626C8BC2800D273DC /* LaunchScreen.storyboard */ = {
			isa = PBXVariantGroup;
			children = (
				30257E4726C8BC2800D273DC /* Base */,
			);
			name = LaunchScreen.storyboard;
			sourceTree = "<group>";
		};
/* End PBXVariantGroup section */

/* Begin XCBuildConfiguration section */
		30257E6026C8BC2800D273DC /* Debug */ = {
			isa = XCBuildConfiguration;
			buildSettings = {
				ALWAYS_SEARCH_USER_PATHS = NO;
				CLANG_ANALYZER_NONNULL = YES;
				CLANG_ANALYZER_NUMBER_OBJECT_CONVERSION = YES_AGGRESSIVE;
				CLANG_CXX_LANGUAGE_STANDARD = "gnu++14";
				CLANG_CXX_LIBRARY = "libc++";
				CLANG_ENABLE_MODULES = YES;
				CLANG_ENABLE_OBJC_ARC = YES;
				CLANG_ENABLE_OBJC_WEAK = YES;
				CLANG_WARN_BLOCK_CAPTURE_AUTORELEASING = YES;
				CLANG_WARN_BOOL_CONVERSION = YES;
				CLANG_WARN_COMMA = YES;
				CLANG_WARN_CONSTANT_CONVERSION = YES;
				CLANG_WARN_DEPRECATED_OBJC_IMPLEMENTATIONS = YES;
				CLANG_WARN_DIRECT_OBJC_ISA_USAGE = YES_ERROR;
				CLANG_WARN_DOCUMENTATION_COMMENTS = YES;
				CLANG_WARN_EMPTY_BODY = YES;
				CLANG_WARN_ENUM_CONVERSION = YES;
				CLANG_WARN_INFINITE_RECURSION = YES;
				CLANG_WARN_INT_CONVERSION = YES;
				CLANG_WARN_NON_LITERAL_NULL_CONVERSION = YES;
				CLANG_WARN_OBJC_IMPLICIT_RETAIN_SELF = YES;
				CLANG_WARN_OBJC_LITERAL_CONVERSION = YES;
				CLANG_WARN_OBJC_ROOT_CLASS = YES_ERROR;
				CLANG_WARN_QUOTED_INCLUDE_IN_FRAMEWORK_HEADER = YES;
				CLANG_WARN_RANGE_LOOP_ANALYSIS = YES;
				CLANG_WARN_STRICT_PROTOTYPES = YES;
				CLANG_WARN_SUSPICIOUS_MOVE = YES;
				CLANG_WARN_UNGUARDED_AVAILABILITY = YES_AGGRESSIVE;
				CLANG_WARN_UNREACHABLE_CODE = YES;
				CLANG_WARN__DUPLICATE_METHOD_MATCH = YES;
				COPY_PHASE_STRIP = NO;
				DEBUG_INFORMATION_FORMAT = dwarf;
				ENABLE_STRICT_OBJC_MSGSEND = YES;
				ENABLE_TESTABILITY = YES;
				GCC_C_LANGUAGE_STANDARD = gnu11;
				GCC_DYNAMIC_NO_PIC = NO;
				GCC_NO_COMMON_BLOCKS = YES;
				GCC_OPTIMIZATION_LEVEL = 0;
				GCC_PREPROCESSOR_DEFINITIONS = (
					"DEBUG=1",
					"$(inherited)",
				);
				GCC_WARN_64_TO_32_BIT_CONVERSION = YES;
				GCC_WARN_ABOUT_RETURN_TYPE = YES_ERROR;
				GCC_WARN_UNDECLARED_SELECTOR = YES;
				GCC_WARN_UNINITIALIZED_AUTOS = YES_AGGRESSIVE;
				GCC_WARN_UNUSED_FUNCTION = YES;
				GCC_WARN_UNUSED_VARIABLE = YES;
				IPHONEOS_DEPLOYMENT_TARGET = 14.5;
				MTL_ENABLE_DEBUG_INFO = INCLUDE_SOURCE;
				MTL_FAST_MATH = YES;
				ONLY_ACTIVE_ARCH = YES;
				SDKROOT = iphoneos;
				SWIFT_ACTIVE_COMPILATION_CONDITIONS = DEBUG;
				SWIFT_OPTIMIZATION_LEVEL = "-Onone";
			};
			name = Debug;
		};
		30257E6126C8BC2800D273DC /* Release */ = {
			isa = XCBuildConfiguration;
			buildSettings = {
				ALWAYS_SEARCH_USER_PATHS = NO;
				CLANG_ANALYZER_NONNULL = YES;
				CLANG_ANALYZER_NUMBER_OBJECT_CONVERSION = YES_AGGRESSIVE;
				CLANG_CXX_LANGUAGE_STANDARD = "gnu++14";
				CLANG_CXX_LIBRARY = "libc++";
				CLANG_ENABLE_MODULES = YES;
				CLANG_ENABLE_OBJC_ARC = YES;
				CLANG_ENABLE_OBJC_WEAK = YES;
				CLANG_WARN_BLOCK_CAPTURE_AUTORELEASING = YES;
				CLANG_WARN_BOOL_CONVERSION = YES;
				CLANG_WARN_COMMA = YES;
				CLANG_WARN_CONSTANT_CONVERSION = YES;
				CLANG_WARN_DEPRECATED_OBJC_IMPLEMENTATIONS = YES;
				CLANG_WARN_DIRECT_OBJC_ISA_USAGE = YES_ERROR;
				CLANG_WARN_DOCUMENTATION_COMMENTS = YES;
				CLANG_WARN_EMPTY_BODY = YES;
				CLANG_WARN_ENUM_CONVERSION = YES;
				CLANG_WARN_INFINITE_RECURSION = YES;
				CLANG_WARN_INT_CONVERSION = YES;
				CLANG_WARN_NON_LITERAL_NULL_CONVERSION = YES;
				CLANG_WARN_OBJC_IMPLICIT_RETAIN_SELF = YES;
				CLANG_WARN_OBJC_LITERAL_CONVERSION = YES;
				CLANG_WARN_OBJC_ROOT_CLASS = YES_ERROR;
				CLANG_WARN_QUOTED_INCLUDE_IN_FRAMEWORK_HEADER = YES;
				CLANG_WARN_RANGE_LOOP_ANALYSIS = YES;
				CLANG_WARN_STRICT_PROTOTYPES = YES;
				CLANG_WARN_SUSPICIOUS_MOVE = YES;
				CLANG_WARN_UNGUARDED_AVAILABILITY = YES_AGGRESSIVE;
				CLANG_WARN_UNREACHABLE_CODE = YES;
				CLANG_WARN__DUPLICATE_METHOD_MATCH = YES;
				COPY_PHASE_STRIP = NO;
				DEBUG_INFORMATION_FORMAT = "dwarf-with-dsym";
				ENABLE_NS_ASSERTIONS = NO;
				ENABLE_STRICT_OBJC_MSGSEND = YES;
				GCC_C_LANGUAGE_STANDARD = gnu11;
				GCC_NO_COMMON_BLOCKS = YES;
				GCC_WARN_64_TO_32_BIT_CONVERSION = YES;
				GCC_WARN_ABOUT_RETURN_TYPE = YES_ERROR;
				GCC_WARN_UNDECLARED_SELECTOR = YES;
				GCC_WARN_UNINITIALIZED_AUTOS = YES_AGGRESSIVE;
				GCC_WARN_UNUSED_FUNCTION = YES;
				GCC_WARN_UNUSED_VARIABLE = YES;
				IPHONEOS_DEPLOYMENT_TARGET = 14.5;
				MTL_ENABLE_DEBUG_INFO = NO;
				MTL_FAST_MATH = YES;
				SDKROOT = iphoneos;
				SWIFT_COMPILATION_MODE = wholemodule;
				SWIFT_OPTIMIZATION_LEVEL = "-O";
				VALIDATE_PRODUCT = YES;
			};
			name = Release;
		};
		30257E6326C8BC2800D273DC /* Debug */ = {
			isa = XCBuildConfiguration;
			baseConfigurationReference = 3FCFFD7052B99286B8BB7649 /* Pods-MyDay.debug.xcconfig */;
			buildSettings = {
				ASSETCATALOG_COMPILER_APPICON_NAME = AppIcon;
				ASSETCATALOG_COMPILER_GLOBAL_ACCENT_COLOR_NAME = AccentColor;
				CODE_SIGN_STYLE = Automatic;
				INFOPLIST_FILE = MyDay/Info.plist;
				LD_RUNPATH_SEARCH_PATHS = (
					"$(inherited)",
					"@executable_path/Frameworks",
				);
				PRODUCT_BUNDLE_IDENTIFIER = Danny.MyDay;
				PRODUCT_NAME = "$(TARGET_NAME)";
				SWIFT_VERSION = 5.0;
				TARGETED_DEVICE_FAMILY = "1,2";
			};
			name = Debug;
		};
		30257E6426C8BC2800D273DC /* Release */ = {
			isa = XCBuildConfiguration;
			baseConfigurationReference = 79EFBA1FD06D50C59E01271F /* Pods-MyDay.release.xcconfig */;
			buildSettings = {
				ASSETCATALOG_COMPILER_APPICON_NAME = AppIcon;
				ASSETCATALOG_COMPILER_GLOBAL_ACCENT_COLOR_NAME = AccentColor;
				CODE_SIGN_STYLE = Automatic;
				INFOPLIST_FILE = MyDay/Info.plist;
				LD_RUNPATH_SEARCH_PATHS = (
					"$(inherited)",
					"@executable_path/Frameworks",
				);
				PRODUCT_BUNDLE_IDENTIFIER = Danny.MyDay;
				PRODUCT_NAME = "$(TARGET_NAME)";
				SWIFT_VERSION = 5.0;
				TARGETED_DEVICE_FAMILY = "1,2";
			};
			name = Release;
		};
		30257E6626C8BC2800D273DC /* Debug */ = {
			isa = XCBuildConfiguration;
			baseConfigurationReference = 7359A1767DEBCE785801976D /* Pods-MyDayTests.debug.xcconfig */;
			buildSettings = {
				ALWAYS_EMBED_SWIFT_STANDARD_LIBRARIES = YES;
				BUNDLE_LOADER = "$(TEST_HOST)";
				CODE_SIGN_STYLE = Automatic;
				INFOPLIST_FILE = MyDayTests/Info.plist;
				IPHONEOS_DEPLOYMENT_TARGET = 14.5;
				LD_RUNPATH_SEARCH_PATHS = (
					"$(inherited)",
					"@executable_path/Frameworks",
					"@loader_path/Frameworks",
				);
				PRODUCT_BUNDLE_IDENTIFIER = Danny.MyDayTests;
				PRODUCT_NAME = "$(TARGET_NAME)";
				SWIFT_VERSION = 5.0;
				TARGETED_DEVICE_FAMILY = "1,2";
				TEST_HOST = "$(BUILT_PRODUCTS_DIR)/MyDay.app/MyDay";
			};
			name = Debug;
		};
		30257E6726C8BC2800D273DC /* Release */ = {
			isa = XCBuildConfiguration;
			baseConfigurationReference = 5824E41E2B61332A56ED4008 /* Pods-MyDayTests.release.xcconfig */;
			buildSettings = {
				ALWAYS_EMBED_SWIFT_STANDARD_LIBRARIES = YES;
				BUNDLE_LOADER = "$(TEST_HOST)";
				CODE_SIGN_STYLE = Automatic;
				INFOPLIST_FILE = MyDayTests/Info.plist;
				IPHONEOS_DEPLOYMENT_TARGET = 14.5;
				LD_RUNPATH_SEARCH_PATHS = (
					"$(inherited)",
					"@executable_path/Frameworks",
					"@loader_path/Frameworks",
				);
				PRODUCT_BUNDLE_IDENTIFIER = Danny.MyDayTests;
				PRODUCT_NAME = "$(TARGET_NAME)";
				SWIFT_VERSION = 5.0;
				TARGETED_DEVICE_FAMILY = "1,2";
				TEST_HOST = "$(BUILT_PRODUCTS_DIR)/MyDay.app/MyDay";
			};
			name = Release;
		};
		30257E6926C8BC2800D273DC /* Debug */ = {
			isa = XCBuildConfiguration;
			baseConfigurationReference = 04B58AB76A2166C68F75D80F /* Pods-MyDay-MyDayUITests.debug.xcconfig */;
			buildSettings = {
				ALWAYS_EMBED_SWIFT_STANDARD_LIBRARIES = YES;
				CODE_SIGN_STYLE = Automatic;
				INFOPLIST_FILE = MyDayUITests/Info.plist;
				LD_RUNPATH_SEARCH_PATHS = (
					"$(inherited)",
					"@executable_path/Frameworks",
					"@loader_path/Frameworks",
				);
				PRODUCT_BUNDLE_IDENTIFIER = Danny.MyDayUITests;
				PRODUCT_NAME = "$(TARGET_NAME)";
				SWIFT_VERSION = 5.0;
				TARGETED_DEVICE_FAMILY = "1,2";
				TEST_TARGET_NAME = MyDay;
			};
			name = Debug;
		};
		30257E6A26C8BC2800D273DC /* Release */ = {
			isa = XCBuildConfiguration;
			baseConfigurationReference = 60CA12EA3F8697485467D2F5 /* Pods-MyDay-MyDayUITests.release.xcconfig */;
			buildSettings = {
				ALWAYS_EMBED_SWIFT_STANDARD_LIBRARIES = YES;
				CODE_SIGN_STYLE = Automatic;
				INFOPLIST_FILE = MyDayUITests/Info.plist;
				LD_RUNPATH_SEARCH_PATHS = (
					"$(inherited)",
					"@executable_path/Frameworks",
					"@loader_path/Frameworks",
				);
				PRODUCT_BUNDLE_IDENTIFIER = Danny.MyDayUITests;
				PRODUCT_NAME = "$(TARGET_NAME)";
				SWIFT_VERSION = 5.0;
				TARGETED_DEVICE_FAMILY = "1,2";
				TEST_TARGET_NAME = MyDay;
			};
			name = Release;
		};
/* End XCBuildConfiguration section */

/* Begin XCConfigurationList section */
		30257E3326C8BC2600D273DC /* Build configuration list for PBXProject "MyDay" */ = {
			isa = XCConfigurationList;
			buildConfigurations = (
				30257E6026C8BC2800D273DC /* Debug */,
				30257E6126C8BC2800D273DC /* Release */,
			);
			defaultConfigurationIsVisible = 0;
			defaultConfigurationName = Release;
		};
		30257E6226C8BC2800D273DC /* Build configuration list for PBXNativeTarget "MyDay" */ = {
			isa = XCConfigurationList;
			buildConfigurations = (
				30257E6326C8BC2800D273DC /* Debug */,
				30257E6426C8BC2800D273DC /* Release */,
			);
			defaultConfigurationIsVisible = 0;
			defaultConfigurationName = Release;
		};
		30257E6526C8BC2800D273DC /* Build configuration list for PBXNativeTarget "MyDayTests" */ = {
			isa = XCConfigurationList;
			buildConfigurations = (
				30257E6626C8BC2800D273DC /* Debug */,
				30257E6726C8BC2800D273DC /* Release */,
			);
			defaultConfigurationIsVisible = 0;
			defaultConfigurationName = Release;
		};
		30257E6826C8BC2800D273DC /* Build configuration list for PBXNativeTarget "MyDayUITests" */ = {
			isa = XCConfigurationList;
			buildConfigurations = (
				30257E6926C8BC2800D273DC /* Debug */,
				30257E6A26C8BC2800D273DC /* Release */,
			);
			defaultConfigurationIsVisible = 0;
			defaultConfigurationName = Release;
		};
/* End XCConfigurationList section */
	};
	rootObject = 30257E3026C8BC2600D273DC /* Project object */;
}
